
Microsoft Visual Studio Solution File, Format Version 12.00
# Visual Studio Version 16
VisualStudioVersion = 16.0.30309.148
MinimumVisualStudioVersion = 10.0.40219.1
Project("{FAE04EC0-301F-11D3-BF4B-00C04F79EFBC}") = "Quetch simulation", "Quetch simulation\Quetch simulation.csproj", "{CF14E396-F8B0-4DA2-913B-FDD0993B499F}"
EndProject
Global
	GlobalSection(SolutionConfigurationPlatforms) = preSolution
		Debug|Any CPU = Debug|Any CPU
		Release|Any CPU = Release|Any CPU
	EndGlobalSection
	GlobalSection(ProjectConfigurationPlatforms) = postSolution
		{CF14E396-F8B0-4DA2-913B-FDD0993B499F}.Debug|Any CPU.ActiveCfg = Debug|Any CPU
		{CF14E396-F8B0-4DA2-913B-FDD0993B499F}.Debug|Any CPU.Build.0 = Debug|Any CPU
		{CF14E396-F8B0-4DA2-913B-FDD0993B499F}.Release|Any CPU.ActiveCfg = Release|Any CPU
		{CF14E396-F8B0-4DA2-913B-FDD0993B499F}.Release|Any CPU.Build.0 = Release|Any CPU
	EndGlobalSection
	GlobalSection(SolutionProperties) = preSolution
		HideSolutionNode = FALSE
	EndGlobalSection
	GlobalSection(ExtensibilityGlobals) = postSolution
		SolutionGuid = {A224E2F8-42FA-4272-A040-9A54D429D9BA}
	EndGlobalSection
EndGlobal
